
Microsoft Visual Studio Solution File, Format Version 12.00
# Visual Studio Version 17
VisualStudioVersion = 17.8.34309.116
MinimumVisualStudioVersion = 10.0.40219.1
Project("{FAE04EC0-301F-11D3-BF4B-00C04F79EFBC}") = "WebApi", "OtusDZ_2\WebApi.csproj", "{D6B6C8C0-D84C-423D-AA6C-323446374796}"
EndProject
Project("{FAE04EC0-301F-11D3-BF4B-00C04F79EFBC}") = "WebClient", "WebClient\WebClient.csproj", "{77231C64-5C2F-4695-977E-4736B483E707}"
EndProject
Global
	GlobalSection(SolutionConfigurationPlatforms) = preSolution
		Debug|Any CPU = Debug|Any CPU
		Release|Any CPU = Release|Any CPU
	EndGlobalSection
	GlobalSection(ProjectConfigurationPlatforms) = postSolution
		{D6B6C8C0-D84C-423D-AA6C-323446374796}.Debug|Any CPU.ActiveCfg = Debug|Any CPU
		{D6B6C8C0-D84C-423D-AA6C-323446374796}.Debug|Any CPU.Build.0 = Debug|Any CPU
		{D6B6C8C0-D84C-423D-AA6C-323446374796}.Release|Any CPU.ActiveCfg = Release|Any CPU
		{D6B6C8C0-D84C-423D-AA6C-323446374796}.Release|Any CPU.Build.0 = Release|Any CPU
		{77231C64-5C2F-4695-977E-4736B483E707}.Debug|Any CPU.ActiveCfg = Debug|Any CPU
		{77231C64-5C2F-4695-977E-4736B483E707}.Debug|Any CPU.Build.0 = Debug|Any CPU
		{77231C64-5C2F-4695-977E-4736B483E707}.Release|Any CPU.ActiveCfg = Release|Any CPU
		{77231C64-5C2F-4695-977E-4736B483E707}.Release|Any CPU.Build.0 = Release|Any CPU
	EndGlobalSection
	GlobalSection(SolutionProperties) = preSolution
		HideSolutionNode = FALSE
	EndGlobalSection
	GlobalSection(ExtensibilityGlobals) = postSolution
		SolutionGuid = {8AB6F207-BDC6-455D-86F3-2CCE2A26DD58}
	EndGlobalSection
EndGlobal
